
Microsoft Visual Studio Solution File, Format Version 12.00
# Visual Studio 15
VisualStudioVersion = 15.0.27130.2010
MinimumVisualStudioVersion = 10.0.40219.1
Project("{FAE04EC0-301F-11D3-BF4B-00C04F79EFBC}") = "DotFlow", "DotFlow\DotFlow.csproj", "{F015A464-F4E8-458F-AEBB-81C8496A3189}"
EndProject
Project("{FAE04EC0-301F-11D3-BF4B-00C04F79EFBC}") = "DotFlow.Example", "DotFlow.Example\DotFlow.Example.csproj", "{DC9236D1-5BA0-40B0-AC67-57A6126EF6B1}"
EndProject
Global
	GlobalSection(SolutionConfigurationPlatforms) = preSolution
		Debug|Any CPU = Debug|Any CPU
		Release|Any CPU = Release|Any CPU
	EndGlobalSection
	GlobalSection(ProjectConfigurationPlatforms) = postSolution
		{F015A464-F4E8-458F-AEBB-81C8496A3189}.Debug|Any CPU.ActiveCfg = Debug|Any CPU
		{F015A464-F4E8-458F-AEBB-81C8496A3189}.Debug|Any CPU.Build.0 = Debug|Any CPU
		{F015A464-F4E8-458F-AEBB-81C8496A3189}.Release|Any CPU.ActiveCfg = Release|Any CPU
		{F015A464-F4E8-458F-AEBB-81C8496A3189}.Release|Any CPU.Build.0 = Release|Any CPU
		{DC9236D1-5BA0-40B0-AC67-57A6126EF6B1}.Debug|Any CPU.ActiveCfg = Debug|Any CPU
		{DC9236D1-5BA0-40B0-AC67-57A6126EF6B1}.Debug|Any CPU.Build.0 = Debug|Any CPU
		{DC9236D1-5BA0-40B0-AC67-57A6126EF6B1}.Release|Any CPU.ActiveCfg = Release|Any CPU
		{DC9236D1-5BA0-40B0-AC67-57A6126EF6B1}.Release|Any CPU.Build.0 = Release|Any CPU
	EndGlobalSection
	GlobalSection(SolutionProperties) = preSolution
		HideSolutionNode = FALSE
	EndGlobalSection
	GlobalSection(ExtensibilityGlobals) = postSolution
		SolutionGuid = {BCD795D8-775F-4F85-9DE0-C6AB23308CAD}
	EndGlobalSection
EndGlobal
